Microsoft Visual Studio Solution File, Format Version 12.00
# Visual Studio Version 17
VisualStudioVersion = 17.5.2.0
MinimumVisualStudioVersion = 10.0.40219.1
Project("{2150E333-8FDC-42A3-9474-1A3956D46DE8}") = "Backend", "Backend", "{1AE8ACA6-933B-BF2A-3671-3E2EAC007D16}"
EndProject
Project("{2150E333-8FDC-42A3-9474-1A3956D46DE8}") = "todoBackend", "todoBackend", "{B667FF60-49C6-CF2F-0828-521C62E2CF46}"
EndProject
Project("{FAE04EC0-301F-11D3-BF4B-00C04F79EFBC}") = "TaskManagerAPI", "Backend\todoBackend\TaskManagerAPI\TaskManagerAPI.csproj", "{E2AC7834-8538-4EBA-050F-BA2270C18F92}"
EndProject
Global
	GlobalSection(SolutionConfigurationPlatforms) = preSolution
		Debug|Any CPU = Debug|Any CPU
		Release|Any CPU = Release|Any CPU
	EndGlobalSection
	GlobalSection(ProjectConfigurationPlatforms) = postSolution
		{E2AC7834-8538-4EBA-050F-BA2270C18F92}.Debug|Any CPU.ActiveCfg = Debug|Any CPU
		{E2AC7834-8538-4EBA-050F-BA2270C18F92}.Debug|Any CPU.Build.0 = Debug|Any CPU
		{E2AC7834-8538-4EBA-050F-BA2270C18F92}.Release|Any CPU.ActiveCfg = Release|Any CPU
		{E2AC7834-8538-4EBA-050F-BA2270C18F92}.Release|Any CPU.Build.0 = Release|Any CPU
	EndGlobalSection
	GlobalSection(SolutionProperties) = preSolution
		HideSolutionNode = FALSE
	EndGlobalSection
	GlobalSection(NestedProjects) = preSolution
		{B667FF60-49C6-CF2F-0828-521C62E2CF46} = {1AE8ACA6-933B-BF2A-3671-3E2EAC007D16}
		{E2AC7834-8538-4EBA-050F-BA2270C18F92} = {B667FF60-49C6-CF2F-0828-521C62E2CF46}
	EndGlobalSection
	GlobalSection(ExtensibilityGlobals) = postSolution
		SolutionGuid = {7CA3C818-F330-4919-ABC4-10F248D43558}
	EndGlobalSection
EndGlobal
